
Microsoft Visual Studio Solution File, Format Version 12.00
# Visual Studio Version 18
VisualStudioVersion = 18.2.11415.280 d18.0
MinimumVisualStudioVersion = 10.0.40219.1
Project("{FAE04EC0-301F-11D3-BF4B-00C04F79EFBC}") = "GameClient", "GameClient.csproj", "{F27E16CE-5298-40AA-F083-DB7A836CF173}"
EndProject
Global
	GlobalSection(SolutionConfigurationPlatforms) = preSolution
		Debug|Any CPU = Debug|Any CPU
		Release|Any CPU = Release|Any CPU
	EndGlobalSection
	GlobalSection(ProjectConfigurationPlatforms) = postSolution
		{F27E16CE-5298-40AA-F083-DB7A836CF173}.Debug|Any CPU.ActiveCfg = Debug|Any CPU
		{F27E16CE-5298-40AA-F083-DB7A836CF173}.Debug|Any CPU.Build.0 = Debug|Any CPU
		{F27E16CE-5298-40AA-F083-DB7A836CF173}.Release|Any CPU.ActiveCfg = Release|Any CPU
		{F27E16CE-5298-40AA-F083-DB7A836CF173}.Release|Any CPU.Build.0 = Release|Any CPU
	EndGlobalSection
	GlobalSection(SolutionProperties) = preSolution
		HideSolutionNode = FALSE
	EndGlobalSection
	GlobalSection(ExtensibilityGlobals) = postSolution
		SolutionGuid = {75695580-957C-42BF-9A5E-172DF973A341}
	EndGlobalSection
EndGlobal
